<Solution>
  <Folder Name="/Solution Items/">
    <File Path="CLAUDE.md" />
    <File Path="Directory.Build.props" />
    <File Path="Directory.Build.targets" />
    <File Path="README.md" />
  </Folder>
  <Project Path="3DEngine/3DEngine.csproj" />
  <Project Path="3DEngine.Cli/3DEngine.Cli.csproj" />
  <Project Path="3DEngine.Examples/3DEngine.Examples.csproj" />
  <Project Path="3DEngine.Generator/3DEngine.Generator.csproj" />
  <Project Path="3DEngine.Tests/3DEngine.Tests.csproj" />
</Solution>
